// !$*UTF8*$!
{
	archiveVersion = 1;
	classes = {
	};
	objectVersion = 55;
	objects = {

/* Begin PBXBuildFile section */
		3D2A5717CCE11ADCED7C2D81 /* Pods_Seknova_Practice_Seknova_PracticeUITests.framework in Frameworks */ = {isa = PBXBuildFile; fileRef = 6025237963DDBAC160A8ACBC /* Pods_Seknova_Practice_Seknova_PracticeUITests.framework */; };
		4CFD7CCC7D9ACF45C580920F /* Pods_Seknova_Practice.framework in Frameworks */ = {isa = PBXBuildFile; fileRef = 1776BE9A2F8F28AC96CD40ED /* Pods_Seknova_Practice.framework */; };
		7D125B9A2AAEBC3100066D3E /* AppDelegate.swift in Sources */ = {isa = PBXBuildFile; fileRef = 7D125B992AAEBC3100066D3E /* AppDelegate.swift */; };
		7D125B9C2AAEBC3100066D3E /* SceneDelegate.swift in Sources */ = {isa = PBXBuildFile; fileRef = 7D125B9B2AAEBC3100066D3E /* SceneDelegate.swift */; };
		7D125BA32AAEBC3500066D3E /* Assets.xcassets in Resources */ = {isa = PBXBuildFile; fileRef = 7D125BA22AAEBC3500066D3E /* Assets.xcassets */; };
		7D125BA62AAEBC3500066D3E /* LaunchScreen.storyboard in Resources */ = {isa = PBXBuildFile; fileRef = 7D125BA42AAEBC3500066D3E /* LaunchScreen.storyboard */; };
		7D125BB12AAEBC3600066D3E /* Seknova_PracticeTests.swift in Sources */ = {isa = PBXBuildFile; fileRef = 7D125BB02AAEBC3600066D3E /* Seknova_PracticeTests.swift */; };
		7D125BBB2AAEBC3600066D3E /* Seknova_PracticeUITests.swift in Sources */ = {isa = PBXBuildFile; fileRef = 7D125BBA2AAEBC3600066D3E /* Seknova_PracticeUITests.swift */; };
		7D125BBD2AAEBC3600066D3E /* Seknova_PracticeUITestsLaunchTests.swift in Sources */ = {isa = PBXBuildFile; fileRef = 7D125BBC2AAEBC3600066D3E /* Seknova_PracticeUITestsLaunchTests.swift */; };
		7D125BCF2AAF29F800066D3E /* LoginViewController.swift in Sources */ = {isa = PBXBuildFile; fileRef = 7D125BCD2AAF29F800066D3E /* LoginViewController.swift */; };
		7D125BD02AAF29F800066D3E /* LoginViewController.xib in Resources */ = {isa = PBXBuildFile; fileRef = 7D125BCE2AAF29F800066D3E /* LoginViewController.xib */; };
		7D125BD62AB03C7B00066D3E /* RegisterViewController.swift in Sources */ = {isa = PBXBuildFile; fileRef = 7D125BD42AB03C7A00066D3E /* RegisterViewController.swift */; };
		7D125BD72AB03C7B00066D3E /* RegisterViewController.xib in Resources */ = {isa = PBXBuildFile; fileRef = 7D125BD52AB03C7A00066D3E /* RegisterViewController.xib */; };
		7D125BDA2AB05F1600066D3E /* ForgotPasswordViewController.swift in Sources */ = {isa = PBXBuildFile; fileRef = 7D125BD82AB05F1600066D3E /* ForgotPasswordViewController.swift */; };
		7D125BDB2AB05F1600066D3E /* ForgotPasswordViewController.xib in Resources */ = {isa = PBXBuildFile; fileRef = 7D125BD92AB05F1600066D3E /* ForgotPasswordViewController.xib */; };
		7D125BDF2AB09EAC00066D3E /* ResetPasswordViewController.swift in Sources */ = {isa = PBXBuildFile; fileRef = 7D125BDD2AB09EAC00066D3E /* ResetPasswordViewController.swift */; };
		7D125BE02AB09EAC00066D3E /* ResetPasswordViewController.xib in Resources */ = {isa = PBXBuildFile; fileRef = 7D125BDE2AB09EAC00066D3E /* ResetPasswordViewController.xib */; };
		8130B1F0C17DA86594DA9CB4 /* Pods_Seknova_PracticeTests.framework in Frameworks */ = {isa = PBXBuildFile; fileRef = 40903932D53AC91D71D4073B /* Pods_Seknova_PracticeTests.framework */; };
/* End PBXBuildFile section */

/* Begin PBXContainerItemProxy section */
		7D125BAD2AAEBC3600066D3E /* PBXContainerItemProxy */ = {
			isa = PBXContainerItemProxy;
			containerPortal = 7D125B8E2AAEBC3100066D3E /* Project object */;
			proxyType = 1;
			remoteGlobalIDString = 7D125B952AAEBC3100066D3E;
			remoteInfo = "Seknova-Practice";
		};
		7D125BB72AAEBC3600066D3E /* PBXContainerItemProxy */ = {
			isa = PBXContainerItemProxy;
			containerPortal = 7D125B8E2AAEBC3100066D3E /* Project object */;
			proxyType = 1;
			remoteGlobalIDString = 7D125B952AAEBC3100066D3E;
			remoteInfo = "Seknova-Practice";
		};
/* End PBXContainerItemProxy section */

/* Begin PBXFileReference section */
		0C6F2791A7AEC98BB0613971 /* Pods-Seknova-PracticeTests.debug.xcconfig */ = {isa = PBXFileReference; includeInIndex = 1; lastKnownFileType = text.xcconfig; name = "Pods-Seknova-PracticeTests.debug.xcconfig"; path = "Target Support Files/Pods-Seknova-PracticeTests/Pods-Seknova-PracticeTests.debug.xcconfig"; sourceTree = "<group>"; };
		1776BE9A2F8F28AC96CD40ED /* Pods_Seknova_Practice.framework */ = {isa = PBXFileReference; explicitFileType = wrapper.framework; includeInIndex = 0; path = Pods_Seknova_Practice.framework; sourceTree = BUILT_PRODUCTS_DIR; };
		3F564670D4C116FC890EFE51 /* Pods-Seknova-PracticeTests.release.xcconfig */ = {isa = PBXFileReference; includeInIndex = 1; lastKnownFileType = text.xcconfig; name = "Pods-Seknova-PracticeTests.release.xcconfig"; path = "Target Support Files/Pods-Seknova-PracticeTests/Pods-Seknova-PracticeTests.release.xcconfig"; sourceTree = "<group>"; };
		40903932D53AC91D71D4073B /* Pods_Seknova_PracticeTests.framework */ = {isa = PBXFileReference; explicitFileType = wrapper.framework; includeInIndex = 0; path = Pods_Seknova_PracticeTests.framework; sourceTree = BUILT_PRODUCTS_DIR; };
		6025237963DDBAC160A8ACBC /* Pods_Seknova_Practice_Seknova_PracticeUITests.framework */ = {isa = PBXFileReference; explicitFileType = wrapper.framework; includeInIndex = 0; path = Pods_Seknova_Practice_Seknova_PracticeUITests.framework; sourceTree = BUILT_PRODUCTS_DIR; };
		6DDDF93318B08C278AA9D83F /* Pods-Seknova-Practice.debug.xcconfig */ = {isa = PBXFileReference; includeInIndex = 1; lastKnownFileType = text.xcconfig; name = "Pods-Seknova-Practice.debug.xcconfig"; path = "Target Support Files/Pods-Seknova-Practice/Pods-Seknova-Practice.debug.xcconfig"; sourceTree = "<group>"; };
		7D125B962AAEBC3100066D3E /* Seknova-Practice.app */ = {isa = PBXFileReference; explicitFileType = wrapper.application; includeInIndex = 0; path = "Seknova-Practice.app"; sourceTree = BUILT_PRODUCTS_DIR; };
		7D125B992AAEBC3100066D3E /* AppDelegate.swift */ = {isa = PBXFileReference; lastKnownFileType = sourcecode.swift; path = AppDelegate.swift; sourceTree = "<group>"; };
		7D125B9B2AAEBC3100066D3E /* SceneDelegate.swift */ = {isa = PBXFileReference; lastKnownFileType = sourcecode.swift; path = SceneDelegate.swift; sourceTree = "<group>"; };
		7D125BA22AAEBC3500066D3E /* Assets.xcassets */ = {isa = PBXFileReference; lastKnownFileType = folder.assetcatalog; path = Assets.xcassets; sourceTree = "<group>"; };
		7D125BA52AAEBC3500066D3E /* Base */ = {isa = PBXFileReference; lastKnownFileType = file.storyboard; name = Base; path = Base.lproj/LaunchScreen.storyboard; sourceTree = "<group>"; };
		7D125BA72AAEBC3500066D3E /* Info.plist */ = {isa = PBXFileReference; lastKnownFileType = text.plist.xml; path = Info.plist; sourceTree = "<group>"; };
		7D125BAC2AAEBC3600066D3E /* Seknova-PracticeTests.xctest */ = {isa = PBXFileReference; explicitFileType = wrapper.cfbundle; includeInIndex = 0; path = "Seknova-PracticeTests.xctest"; sourceTree = BUILT_PRODUCTS_DIR; };
		7D125BB02AAEBC3600066D3E /* Seknova_PracticeTests.swift */ = {isa = PBXFileReference; lastKnownFileType = sourcecode.swift; path = Seknova_PracticeTests.swift; sourceTree = "<group>"; };
		7D125BB62AAEBC3600066D3E /* Seknova-PracticeUITests.xctest */ = {isa = PBXFileReference; explicitFileType = wrapper.cfbundle; includeInIndex = 0; path = "Seknova-PracticeUITests.xctest"; sourceTree = BUILT_PRODUCTS_DIR; };
		7D125BBA2AAEBC3600066D3E /* Seknova_PracticeUITests.swift */ = {isa = PBXFileReference; lastKnownFileType = sourcecode.swift; path = Seknova_PracticeUITests.swift; sourceTree = "<group>"; };
		7D125BBC2AAEBC3600066D3E /* Seknova_PracticeUITestsLaunchTests.swift */ = {isa = PBXFileReference; lastKnownFileType = sourcecode.swift; path = Seknova_PracticeUITestsLaunchTests.swift; sourceTree = "<group>"; };
		7D125BCD2AAF29F800066D3E /* LoginViewController.swift */ = {isa = PBXFileReference; lastKnownFileType = sourcecode.swift; path = LoginViewController.swift; sourceTree = "<group>"; };
		7D125BCE2AAF29F800066D3E /* LoginViewController.xib */ = {isa = PBXFileReference; lastKnownFileType = file.xib; path = LoginViewController.xib; sourceTree = "<group>"; };
		7D125BD42AB03C7A00066D3E /* RegisterViewController.swift */ = {isa = PBXFileReference; lastKnownFileType = sourcecode.swift; path = RegisterViewController.swift; sourceTree = "<group>"; };
		7D125BD52AB03C7A00066D3E /* RegisterViewController.xib */ = {isa = PBXFileReference; lastKnownFileType = file.xib; path = RegisterViewController.xib; sourceTree = "<group>"; };
		7D125BD82AB05F1600066D3E /* ForgotPasswordViewController.swift */ = {isa = PBXFileReference; lastKnownFileType = sourcecode.swift; path = ForgotPasswordViewController.swift; sourceTree = "<group>"; };
		7D125BD92AB05F1600066D3E /* ForgotPasswordViewController.xib */ = {isa = PBXFileReference; lastKnownFileType = file.xib; path = ForgotPasswordViewController.xib; sourceTree = "<group>"; };
		7D125BDD2AB09EAC00066D3E /* ResetPasswordViewController.swift */ = {isa = PBXFileReference; lastKnownFileType = sourcecode.swift; path = ResetPasswordViewController.swift; sourceTree = "<group>"; };
		7D125BDE2AB09EAC00066D3E /* ResetPasswordViewController.xib */ = {isa = PBXFileReference; lastKnownFileType = file.xib; path = ResetPasswordViewController.xib; sourceTree = "<group>"; };
		7E33D8FF1C187892C9E37938 /* Pods-Seknova-Practice-Seknova-PracticeUITests.debug.xcconfig */ = {isa = PBXFileReference; includeInIndex = 1; lastKnownFileType = text.xcconfig; name = "Pods-Seknova-Practice-Seknova-PracticeUITests.debug.xcconfig"; path = "Target Support Files/Pods-Seknova-Practice-Seknova-PracticeUITests/Pods-Seknova-Practice-Seknova-PracticeUITests.debug.xcconfig"; sourceTree = "<group>"; };
		A0A2010C678FC0431905F57F /* Pods-Seknova-Practice-Seknova-PracticeUITests.release.xcconfig */ = {isa = PBXFileReference; includeInIndex = 1; lastKnownFileType = text.xcconfig; name = "Pods-Seknova-Practice-Seknova-PracticeUITests.release.xcconfig"; path = "Target Support Files/Pods-Seknova-Practice-Seknova-PracticeUITests/Pods-Seknova-Practice-Seknova-PracticeUITests.release.xcconfig"; sourceTree = "<group>"; };
		BC9488F9C1A960F95C472859 /* Pods-Seknova-Practice.release.xcconfig */ = {isa = PBXFileReference; includeInIndex = 1; lastKnownFileType = text.xcconfig; name = "Pods-Seknova-Practice.release.xcconfig"; path = "Target Support Files/Pods-Seknova-Practice/Pods-Seknova-Practice.release.xcconfig"; sourceTree = "<group>"; };
/* End PBXFileReference section */

/* Begin PBXFrameworksBuildPhase section */
		7D125B932AAEBC3100066D3E /* Frameworks */ = {
			isa = PBXFrameworksBuildPhase;
			buildActionMask = 2147483647;
			files = (
				4CFD7CCC7D9ACF45C580920F /* Pods_Seknova_Practice.framework in Frameworks */,
			);
			runOnlyForDeploymentPostprocessing = 0;
		};
		7D125BA92AAEBC3600066D3E /* Frameworks */ = {
			isa = PBXFrameworksBuildPhase;
			buildActionMask = 2147483647;
			files = (
				8130B1F0C17DA86594DA9CB4 /* Pods_Seknova_PracticeTests.framework in Frameworks */,
			);
			runOnlyForDeploymentPostprocessing = 0;
		};
		7D125BB32AAEBC3600066D3E /* Frameworks */ = {
			isa = PBXFrameworksBuildPhase;
			buildActionMask = 2147483647;
			files = (
				3D2A5717CCE11ADCED7C2D81 /* Pods_Seknova_Practice_Seknova_PracticeUITests.framework in Frameworks */,
			);
			runOnlyForDeploymentPostprocessing = 0;
		};
/* End PBXFrameworksBuildPhase section */

/* Begin PBXGroup section */
		1AC552A56E58F591CA284FF1 /* Frameworks */ = {
			isa = PBXGroup;
			children = (
				1776BE9A2F8F28AC96CD40ED /* Pods_Seknova_Practice.framework */,
				6025237963DDBAC160A8ACBC /* Pods_Seknova_Practice_Seknova_PracticeUITests.framework */,
				40903932D53AC91D71D4073B /* Pods_Seknova_PracticeTests.framework */,
			);
			name = Frameworks;
			sourceTree = "<group>";
		};
		7D125B8D2AAEBC3100066D3E = {
			isa = PBXGroup;
			children = (
				7D125B982AAEBC3100066D3E /* Seknova-Practice */,
				7D125BAF2AAEBC3600066D3E /* Seknova-PracticeTests */,
				7D125BB92AAEBC3600066D3E /* Seknova-PracticeUITests */,
				7D125B972AAEBC3100066D3E /* Products */,
				E86E7344F7B91C2193790DEF /* Pods */,
				1AC552A56E58F591CA284FF1 /* Frameworks */,
			);
			sourceTree = "<group>";
		};
		7D125B972AAEBC3100066D3E /* Products */ = {
			isa = PBXGroup;
			children = (
				7D125B962AAEBC3100066D3E /* Seknova-Practice.app */,
				7D125BAC2AAEBC3600066D3E /* Seknova-PracticeTests.xctest */,
				7D125BB62AAEBC3600066D3E /* Seknova-PracticeUITests.xctest */,
			);
			name = Products;
			sourceTree = "<group>";
		};
		7D125B982AAEBC3100066D3E /* Seknova-Practice */ = {
			isa = PBXGroup;
			children = (
				7D125B992AAEBC3100066D3E /* AppDelegate.swift */,
				7D125B9B2AAEBC3100066D3E /* SceneDelegate.swift */,
				7D125BA42AAEBC3500066D3E /* LaunchScreen.storyboard */,
				7D125BA72AAEBC3500066D3E /* Info.plist */,
				7D125BCB2AAEC00100066D3E /* Model */,
				7D125BCA2AAEBFF900066D3E /* View */,
				7D125BC92AAEBFF000066D3E /* Controller */,
				7D125BCC2AAF031E00066D3E /* Other */,
			);
			path = "Seknova-Practice";
			sourceTree = "<group>";
		};
		7D125BAF2AAEBC3600066D3E /* Seknova-PracticeTests */ = {
			isa = PBXGroup;
			children = (
				7D125BB02AAEBC3600066D3E /* Seknova_PracticeTests.swift */,
			);
			path = "Seknova-PracticeTests";
			sourceTree = "<group>";
		};
		7D125BB92AAEBC3600066D3E /* Seknova-PracticeUITests */ = {
			isa = PBXGroup;
			children = (
				7D125BBA2AAEBC3600066D3E /* Seknova_PracticeUITests.swift */,
				7D125BBC2AAEBC3600066D3E /* Seknova_PracticeUITestsLaunchTests.swift */,
			);
			path = "Seknova-PracticeUITests";
			sourceTree = "<group>";
		};
		7D125BC92AAEBFF000066D3E /* Controller */ = {
			isa = PBXGroup;
			children = (
				7D125BDC2AB09E8900066D3E /* ResetPassword */,
				7D125BD32AB03C2E00066D3E /* ForgotPassword */,
				7D125BD22AB03C1F00066D3E /* Register */,
				7D125BD12AB03BFA00066D3E /* Login */,
				7D125BCD2AAF29F800066D3E /* LoginViewController.swift */,
				7D125BCE2AAF29F800066D3E /* LoginViewController.xib */,
			);
			path = Controller;
			sourceTree = "<group>";
		};
		7D125BCA2AAEBFF900066D3E /* View */ = {
			isa = PBXGroup;
			children = (
			);
			path = View;
			sourceTree = "<group>";
		};
		7D125BCB2AAEC00100066D3E /* Model */ = {
			isa = PBXGroup;
			children = (
			);
			path = Model;
			sourceTree = "<group>";
		};
		7D125BCC2AAF031E00066D3E /* Other */ = {
			isa = PBXGroup;
			children = (
				7D125BA22AAEBC3500066D3E /* Assets.xcassets */,
			);
			path = Other;
			sourceTree = "<group>";
		};
		7D125BD12AB03BFA00066D3E /* Login */ = {
			isa = PBXGroup;
			children = (
			);
			path = Login;
			sourceTree = "<group>";
		};
		7D125BD22AB03C1F00066D3E /* Register */ = {
			isa = PBXGroup;
			children = (
				7D125BD42AB03C7A00066D3E /* RegisterViewController.swift */,
				7D125BD52AB03C7A00066D3E /* RegisterViewController.xib */,
			);
			path = Register;
			sourceTree = "<group>";
		};
		7D125BD32AB03C2E00066D3E /* ForgotPassword */ = {
			isa = PBXGroup;
			children = (
				7D125BD82AB05F1600066D3E /* ForgotPasswordViewController.swift */,
				7D125BD92AB05F1600066D3E /* ForgotPasswordViewController.xib */,
			);
			path = ForgotPassword;
			sourceTree = "<group>";
		};
		7D125BDC2AB09E8900066D3E /* ResetPassword */ = {
			isa = PBXGroup;
			children = (
				7D125BDD2AB09EAC00066D3E /* ResetPasswordViewController.swift */,
				7D125BDE2AB09EAC00066D3E /* ResetPasswordViewController.xib */,
			);
			path = ResetPassword;
			sourceTree = "<group>";
		};
		E86E7344F7B91C2193790DEF /* Pods */ = {
			isa = PBXGroup;
			children = (
				6DDDF93318B08C278AA9D83F /* Pods-Seknova-Practice.debug.xcconfig */,
				BC9488F9C1A960F95C472859 /* Pods-Seknova-Practice.release.xcconfig */,
				7E33D8FF1C187892C9E37938 /* Pods-Seknova-Practice-Seknova-PracticeUITests.debug.xcconfig */,
				A0A2010C678FC0431905F57F /* Pods-Seknova-Practice-Seknova-PracticeUITests.release.xcconfig */,
				0C6F2791A7AEC98BB0613971 /* Pods-Seknova-PracticeTests.debug.xcconfig */,
				3F564670D4C116FC890EFE51 /* Pods-Seknova-PracticeTests.release.xcconfig */,
			);
			path = Pods;
			sourceTree = "<group>";
		};
/* End PBXGroup section */

/* Begin PBXNativeTarget section */
		7D125B952AAEBC3100066D3E /* Seknova-Practice */ = {
			isa = PBXNativeTarget;
			buildConfigurationList = 7D125BC02AAEBC3600066D3E /* Build configuration list for PBXNativeTarget "Seknova-Practice" */;
			buildPhases = (
				611DB5326A2D78BF762B8C87 /* [CP] Check Pods Manifest.lock */,
				7D125B922AAEBC3100066D3E /* Sources */,
				7D125B932AAEBC3100066D3E /* Frameworks */,
				7D125B942AAEBC3100066D3E /* Resources */,
				94D1CFDD7F7154366D6AB5B0 /* [CP] Embed Pods Frameworks */,
			);
			buildRules = (
			);
			dependencies = (
			);
			name = "Seknova-Practice";
			productName = "Seknova-Practice";
			productReference = 7D125B962AAEBC3100066D3E /* Seknova-Practice.app */;
			productType = "com.apple.product-type.application";
		};
		7D125BAB2AAEBC3600066D3E /* Seknova-PracticeTests */ = {
			isa = PBXNativeTarget;
			buildConfigurationList = 7D125BC32AAEBC3600066D3E /* Build configuration list for PBXNativeTarget "Seknova-PracticeTests" */;
			buildPhases = (
				626BE7570A1FE0FEA42B69E8 /* [CP] Check Pods Manifest.lock */,
				7D125BA82AAEBC3600066D3E /* Sources */,
				7D125BA92AAEBC3600066D3E /* Frameworks */,
				7D125BAA2AAEBC3600066D3E /* Resources */,
			);
			buildRules = (
			);
			dependencies = (
				7D125BAE2AAEBC3600066D3E /* PBXTargetDependency */,
			);
			name = "Seknova-PracticeTests";
			productName = "Seknova-PracticeTests";
			productReference = 7D125BAC2AAEBC3600066D3E /* Seknova-PracticeTests.xctest */;
			productType = "com.apple.product-type.bundle.unit-test";
		};
		7D125BB52AAEBC3600066D3E /* Seknova-PracticeUITests */ = {
			isa = PBXNativeTarget;
			buildConfigurationList = 7D125BC62AAEBC3600066D3E /* Build configuration list for PBXNativeTarget "Seknova-PracticeUITests" */;
			buildPhases = (
				92176A582ADF1310C2BAC0CB /* [CP] Check Pods Manifest.lock */,
				7D125BB22AAEBC3600066D3E /* Sources */,
				7D125BB32AAEBC3600066D3E /* Frameworks */,
				7D125BB42AAEBC3600066D3E /* Resources */,
				13867ED3A3D1C45ED5B85AD5 /* [CP] Embed Pods Frameworks */,
			);
			buildRules = (
			);
			dependencies = (
				7D125BB82AAEBC3600066D3E /* PBXTargetDependency */,
			);
			name = "Seknova-PracticeUITests";
			productName = "Seknova-PracticeUITests";
			productReference = 7D125BB62AAEBC3600066D3E /* Seknova-PracticeUITests.xctest */;
			productType = "com.apple.product-type.bundle.ui-testing";
		};
/* End PBXNativeTarget section */

/* Begin PBXProject section */
		7D125B8E2AAEBC3100066D3E /* Project object */ = {
			isa = PBXProject;
			attributes = {
				BuildIndependentTargetsInParallel = 1;
				LastSwiftUpdateCheck = 1320;
				LastUpgradeCheck = 1320;
				TargetAttributes = {
					7D125B952AAEBC3100066D3E = {
						CreatedOnToolsVersion = 13.2.1;
					};
					7D125BAB2AAEBC3600066D3E = {
						CreatedOnToolsVersion = 13.2.1;
						TestTargetID = 7D125B952AAEBC3100066D3E;
					};
					7D125BB52AAEBC3600066D3E = {
						CreatedOnToolsVersion = 13.2.1;
						TestTargetID = 7D125B952AAEBC3100066D3E;
					};
				};
			};
			buildConfigurationList = 7D125B912AAEBC3100066D3E /* Build configuration list for PBXProject "Seknova-Practice" */;
			compatibilityVersion = "Xcode 13.0";
			developmentRegion = en;
			hasScannedForEncodings = 0;
			knownRegions = (
				en,
				Base,
			);
			mainGroup = 7D125B8D2AAEBC3100066D3E;
			productRefGroup = 7D125B972AAEBC3100066D3E /* Products */;
			projectDirPath = "";
			projectRoot = "";
			targets = (
				7D125B952AAEBC3100066D3E /* Seknova-Practice */,
				7D125BAB2AAEBC3600066D3E /* Seknova-PracticeTests */,
				7D125BB52AAEBC3600066D3E /* Seknova-PracticeUITests */,
			);
		};
/* End PBXProject section */

/* Begin PBXResourcesBuildPhase section */
		7D125B942AAEBC3100066D3E /* Resources */ = {
			isa = PBXResourcesBuildPhase;
			buildActionMask = 2147483647;
			files = (
				7D125BA62AAEBC3500066D3E /* LaunchScreen.storyboard in Resources */,
				7D125BA32AAEBC3500066D3E /* Assets.xcassets in Resources */,
				7D125BD02AAF29F800066D3E /* LoginViewController.xib in Resources */,
				7D125BD72AB03C7B00066D3E /* RegisterViewController.xib in Resources */,
				7D125BDB2AB05F1600066D3E /* ForgotPasswordViewController.xib in Resources */,
				7D125BE02AB09EAC00066D3E /* ResetPasswordViewController.xib in Resources */,
			);
			runOnlyForDeploymentPostprocessing = 0;
		};
		7D125BAA2AAEBC3600066D3E /* Resources */ = {
			isa = PBXResourcesBuildPhase;
			buildActionMask = 2147483647;
			files = (
			);
			runOnlyForDeploymentPostprocessing = 0;
		};
		7D125BB42AAEBC3600066D3E /* Resources */ = {
			isa = PBXResourcesBuildPhase;
			buildActionMask = 2147483647;
			files = (
			);
			runOnlyForDeploymentPostprocessing = 0;
		};
/* End PBXResourcesBuildPhase section */

/* Begin PBXShellScriptBuildPhase section */
		13867ED3A3D1C45ED5B85AD5 /* [CP] Embed Pods Frameworks */ = {
			isa = PBXShellScriptBuildPhase;
			buildActionMask = 2147483647;
			files = (
			);
			inputFileListPaths = (
				"${PODS_ROOT}/Target Support Files/Pods-Seknova-Practice-Seknova-PracticeUITests/Pods-Seknova-Practice-Seknova-PracticeUITests-frameworks-${CONFIGURATION}-input-files.xcfilelist",
			);
			name = "[CP] Embed Pods Frameworks";
			outputFileListPaths = (
				"${PODS_ROOT}/Target Support Files/Pods-Seknova-Practice-Seknova-PracticeUITests/Pods-Seknova-Practice-Seknova-PracticeUITests-frameworks-${CONFIGURATION}-output-files.xcfilelist",
			);
			runOnlyForDeploymentPostprocessing = 0;
			shellPath = /bin/sh;
			shellScript = "\"${PODS_ROOT}/Target Support Files/Pods-Seknova-Practice-Seknova-PracticeUITests/Pods-Seknova-Practice-Seknova-PracticeUITests-frameworks.sh\"\n";
			showEnvVarsInLog = 0;
		};
		611DB5326A2D78BF762B8C87 /* [CP] Check Pods Manifest.lock */ = {
			isa = PBXShellScriptBuildPhase;
			buildActionMask = 2147483647;
			files = (
			);
			inputFileListPaths = (
			);
			inputPaths = (
				"${PODS_PODFILE_DIR_PATH}/Podfile.lock",
				"${PODS_ROOT}/Manifest.lock",
			);
			name = "[CP] Check Pods Manifest.lock";
			outputFileListPaths = (
			);
			outputPaths = (
				"$(DERIVED_FILE_DIR)/Pods-Seknova-Practice-checkManifestLockResult.txt",
			);
			runOnlyForDeploymentPostprocessing = 0;
			shellPath = /bin/sh;
			shellScript = "diff \"${PODS_PODFILE_DIR_PATH}/Podfile.lock\" \"${PODS_ROOT}/Manifest.lock\" > /dev/null\nif [ $? != 0 ] ; then\n    # print error to STDERR\n    echo \"error: The sandbox is not in sync with the Podfile.lock. Run 'pod install' or update your CocoaPods installation.\" >&2\n    exit 1\nfi\n# This output is used by Xcode 'outputs' to avoid re-running this script phase.\necho \"SUCCESS\" > \"${SCRIPT_OUTPUT_FILE_0}\"\n";
			showEnvVarsInLog = 0;
		};
		626BE7570A1FE0FEA42B69E8 /* [CP] Check Pods Manifest.lock */ = {
			isa = PBXShellScriptBuildPhase;
			buildActionMask = 2147483647;
			files = (
			);
			inputFileListPaths = (
			);
			inputPaths = (
				"${PODS_PODFILE_DIR_PATH}/Podfile.lock",
				"${PODS_ROOT}/Manifest.lock",
			);
			name = "[CP] Check Pods Manifest.lock";
			outputFileListPaths = (
			);
			outputPaths = (
				"$(DERIVED_FILE_DIR)/Pods-Seknova-PracticeTests-checkManifestLockResult.txt",
			);
			runOnlyForDeploymentPostprocessing = 0;
			shellPath = /bin/sh;
			shellScript = "diff \"${PODS_PODFILE_DIR_PATH}/Podfile.lock\" \"${PODS_ROOT}/Manifest.lock\" > /dev/null\nif [ $? != 0 ] ; then\n    # print error to STDERR\n    echo \"error: The sandbox is not in sync with the Podfile.lock. Run 'pod install' or update your CocoaPods installation.\" >&2\n    exit 1\nfi\n# This output is used by Xcode 'outputs' to avoid re-running this script phase.\necho \"SUCCESS\" > \"${SCRIPT_OUTPUT_FILE_0}\"\n";
			showEnvVarsInLog = 0;
		};
		92176A582ADF1310C2BAC0CB /* [CP] Check Pods Manifest.lock */ = {
			isa = PBXShellScriptBuildPhase;
			buildActionMask = 2147483647;
			files = (
			);
			inputFileListPaths = (
			);
			inputPaths = (
				"${PODS_PODFILE_DIR_PATH}/Podfile.lock",
				"${PODS_ROOT}/Manifest.lock",
			);
			name = "[CP] Check Pods Manifest.lock";
			outputFileListPaths = (
			);
			outputPaths = (
				"$(DERIVED_FILE_DIR)/Pods-Seknova-Practice-Seknova-PracticeUITests-checkManifestLockResult.txt",
			);
			runOnlyForDeploymentPostprocessing = 0;
			shellPath = /bin/sh;
			shellScript = "diff \"${PODS_PODFILE_DIR_PATH}/Podfile.lock\" \"${PODS_ROOT}/Manifest.lock\" > /dev/null\nif [ $? != 0 ] ; then\n    # print error to STDERR\n    echo \"error: The sandbox is not in sync with the Podfile.lock. Run 'pod install' or update your CocoaPods installation.\" >&2\n    exit 1\nfi\n# This output is used by Xcode 'outputs' to avoid re-running this script phase.\necho \"SUCCESS\" > \"${SCRIPT_OUTPUT_FILE_0}\"\n";
			showEnvVarsInLog = 0;
		};
		94D1CFDD7F7154366D6AB5B0 /* [CP] Embed Pods Frameworks */ = {
			isa = PBXShellScriptBuildPhase;
			buildActionMask = 2147483647;
			files = (
			);
			inputFileListPaths = (
				"${PODS_ROOT}/Target Support Files/Pods-Seknova-Practice/Pods-Seknova-Practice-frameworks-${CONFIGURATION}-input-files.xcfilelist",
			);
			name = "[CP] Embed Pods Frameworks";
			outputFileListPaths = (
				"${PODS_ROOT}/Target Support Files/Pods-Seknova-Practice/Pods-Seknova-Practice-frameworks-${CONFIGURATION}-output-files.xcfilelist",
			);
			runOnlyForDeploymentPostprocessing = 0;
			shellPath = /bin/sh;
			shellScript = "\"${PODS_ROOT}/Target Support Files/Pods-Seknova-Practice/Pods-Seknova-Practice-frameworks.sh\"\n";
			showEnvVarsInLog = 0;
		};
/* End PBXShellScriptBuildPhase section */

/* Begin PBXSourcesBuildPhase section */
		7D125B922AAEBC3100066D3E /* Sources */ = {
			isa = PBXSourcesBuildPhase;
			buildActionMask = 2147483647;
			files = (
				7D125BCF2AAF29F800066D3E /* LoginViewController.swift in Sources */,
				7D125BDA2AB05F1600066D3E /* ForgotPasswordViewController.swift in Sources */,
				7D125B9A2AAEBC3100066D3E /* AppDelegate.swift in Sources */,
				7D125BDF2AB09EAC00066D3E /* ResetPasswordViewController.swift in Sources */,
				7D125B9C2AAEBC3100066D3E /* SceneDelegate.swift in Sources */,
				7D125BD62AB03C7B00066D3E /* RegisterViewController.swift in Sources */,
			);
			runOnlyForDeploymentPostprocessing = 0;
		};
		7D125BA82AAEBC3600066D3E /* Sources */ = {
			isa = PBXSourcesBuildPhase;
			buildActionMask = 2147483647;
			files = (
				7D125BB12AAEBC3600066D3E /* Seknova_PracticeTests.swift in Sources */,
			);
			runOnlyForDeploymentPostprocessing = 0;
		};
		7D125BB22AAEBC3600066D3E /* Sources */ = {
			isa = PBXSourcesBuildPhase;
			buildActionMask = 2147483647;
			files = (
				7D125BBB2AAEBC3600066D3E /* Seknova_PracticeUITests.swift in Sources */,
				7D125BBD2AAEBC3600066D3E /* Seknova_PracticeUITestsLaunchTests.swift in Sources */,
			);
			runOnlyForDeploymentPostprocessing = 0;
		};
/* End PBXSourcesBuildPhase section */

/* Begin PBXTargetDependency section */
		7D125BAE2AAEBC3600066D3E /* PBXTargetDependency */ = {
			isa = PBXTargetDependency;
			target = 7D125B952AAEBC3100066D3E /* Seknova-Practice */;
			targetProxy = 7D125BAD2AAEBC3600066D3E /* PBXContainerItemProxy */;
		};
		7D125BB82AAEBC3600066D3E /* PBXTargetDependency */ = {
			isa = PBXTargetDependency;
			target = 7D125B952AAEBC3100066D3E /* Seknova-Practice */;
			targetProxy = 7D125BB72AAEBC3600066D3E /* PBXContainerItemProxy */;
		};
/* End PBXTargetDependency section */

/* Begin PBXVariantGroup section */
		7D125BA42AAEBC3500066D3E /* LaunchScreen.storyboard */ = {
			isa = PBXVariantGroup;
			children = (
				7D125BA52AAEBC3500066D3E /* Base */,
			);
			name = LaunchScreen.storyboard;
			sourceTree = "<group>";
		};
/* End PBXVariantGroup section */

/* Begin XCBuildConfiguration section */
		7D125BBE2AAEBC3600066D3E /* Debug */ = {
			isa = XCBuildConfiguration;
			buildSettings = {
				ALWAYS_SEARCH_USER_PATHS = NO;
				CLANG_ANALYZER_NONNULL = YES;
				CLANG_ANALYZER_NUMBER_OBJECT_CONVERSION = YES_AGGRESSIVE;
				CLANG_CXX_LANGUAGE_STANDARD = "gnu++17";
				CLANG_CXX_LIBRARY = "libc++";
				CLANG_ENABLE_MODULES = YES;
				CLANG_ENABLE_OBJC_ARC = YES;
				CLANG_ENABLE_OBJC_WEAK = YES;
				CLANG_WARN_BLOCK_CAPTURE_AUTORELEASING = YES;
				CLANG_WARN_BOOL_CONVERSION = YES;
				CLANG_WARN_COMMA = YES;
				CLANG_WARN_CONSTANT_CONVERSION = YES;
				CLANG_WARN_DEPRECATED_OBJC_IMPLEMENTATIONS = YES;
				CLANG_WARN_DIRECT_OBJC_ISA_USAGE = YES_ERROR;
				CLANG_WARN_DOCUMENTATION_COMMENTS = YES;
				CLANG_WARN_EMPTY_BODY = YES;
				CLANG_WARN_ENUM_CONVERSION = YES;
				CLANG_WARN_INFINITE_RECURSION = YES;
				CLANG_WARN_INT_CONVERSION = YES;
				CLANG_WARN_NON_LITERAL_NULL_CONVERSION = YES;
				CLANG_WARN_OBJC_IMPLICIT_RETAIN_SELF = YES;
				CLANG_WARN_OBJC_LITERAL_CONVERSION = YES;
				CLANG_WARN_OBJC_ROOT_CLASS = YES_ERROR;
				CLANG_WARN_QUOTED_INCLUDE_IN_FRAMEWORK_HEADER = YES;
				CLANG_WARN_RANGE_LOOP_ANALYSIS = YES;
				CLANG_WARN_STRICT_PROTOTYPES = YES;
				CLANG_WARN_SUSPICIOUS_MOVE = YES;
				CLANG_WARN_UNGUARDED_AVAILABILITY = YES_AGGRESSIVE;
				CLANG_WARN_UNREACHABLE_CODE = YES;
				CLANG_WARN__DUPLICATE_METHOD_MATCH = YES;
				COPY_PHASE_STRIP = NO;
				DEBUG_INFORMATION_FORMAT = dwarf;
				ENABLE_STRICT_OBJC_MSGSEND = YES;
				ENABLE_TESTABILITY = YES;
				GCC_C_LANGUAGE_STANDARD = gnu11;
				GCC_DYNAMIC_NO_PIC = NO;
				GCC_NO_COMMON_BLOCKS = YES;
				GCC_OPTIMIZATION_LEVEL = 0;
				GCC_PREPROCESSOR_DEFINITIONS = (
					"DEBUG=1",
					"$(inherited)",
				);
				GCC_WARN_64_TO_32_BIT_CONVERSION = YES;
				GCC_WARN_ABOUT_RETURN_TYPE = YES_ERROR;
				GCC_WARN_UNDECLARED_SELECTOR = YES;
				GCC_WARN_UNINITIALIZED_AUTOS = YES_AGGRESSIVE;
				GCC_WARN_UNUSED_FUNCTION = YES;
				GCC_WARN_UNUSED_VARIABLE = YES;
				IPHONEOS_DEPLOYMENT_TARGET = 15.2;
				MTL_ENABLE_DEBUG_INFO = INCLUDE_SOURCE;
				MTL_FAST_MATH = YES;
				ONLY_ACTIVE_ARCH = YES;
				SDKROOT = iphoneos;
				SWIFT_ACTIVE_COMPILATION_CONDITIONS = DEBUG;
				SWIFT_OPTIMIZATION_LEVEL = "-Onone";
			};
			name = Debug;
		};
		7D125BBF2AAEBC3600066D3E /* Release */ = {
			isa = XCBuildConfiguration;
			buildSettings = {
				ALWAYS_SEARCH_USER_PATHS = NO;
				CLANG_ANALYZER_NONNULL = YES;
				CLANG_ANALYZER_NUMBER_OBJECT_CONVERSION = YES_AGGRESSIVE;
				CLANG_CXX_LANGUAGE_STANDARD = "gnu++17";
				CLANG_CXX_LIBRARY = "libc++";
				CLANG_ENABLE_MODULES = YES;
				CLANG_ENABLE_OBJC_ARC = YES;
				CLANG_ENABLE_OBJC_WEAK = YES;
				CLANG_WARN_BLOCK_CAPTURE_AUTORELEASING = YES;
				CLANG_WARN_BOOL_CONVERSION = YES;
				CLANG_WARN_COMMA = YES;
				CLANG_WARN_CONSTANT_CONVERSION = YES;
				CLANG_WARN_DEPRECATED_OBJC_IMPLEMENTATIONS = YES;
				CLANG_WARN_DIRECT_OBJC_ISA_USAGE = YES_ERROR;
				CLANG_WARN_DOCUMENTATION_COMMENTS = YES;
				CLANG_WARN_EMPTY_BODY = YES;
				CLANG_WARN_ENUM_CONVERSION = YES;
				CLANG_WARN_INFINITE_RECURSION = YES;
				CLANG_WARN_INT_CONVERSION = YES;
				CLANG_WARN_NON_LITERAL_NULL_CONVERSION = YES;
				CLANG_WARN_OBJC_IMPLICIT_RETAIN_SELF = YES;
				CLANG_WARN_OBJC_LITERAL_CONVERSION = YES;
				CLANG_WARN_OBJC_ROOT_CLASS = YES_ERROR;
				CLANG_WARN_QUOTED_INCLUDE_IN_FRAMEWORK_HEADER = YES;
				CLANG_WARN_RANGE_LOOP_ANALYSIS = YES;
				CLANG_WARN_STRICT_PROTOTYPES = YES;
				CLANG_WARN_SUSPICIOUS_MOVE = YES;
				CLANG_WARN_UNGUARDED_AVAILABILITY = YES_AGGRESSIVE;
				CLANG_WARN_UNREACHABLE_CODE = YES;
				CLANG_WARN__DUPLICATE_METHOD_MATCH = YES;
				COPY_PHASE_STRIP = NO;
				DEBUG_INFORMATION_FORMAT = "dwarf-with-dsym";
				ENABLE_NS_ASSERTIONS = NO;
				ENABLE_STRICT_OBJC_MSGSEND = YES;
				GCC_C_LANGUAGE_STANDARD = gnu11;
				GCC_NO_COMMON_BLOCKS = YES;
				GCC_WARN_64_TO_32_BIT_CONVERSION = YES;
				GCC_WARN_ABOUT_RETURN_TYPE = YES_ERROR;
				GCC_WARN_UNDECLARED_SELECTOR = YES;
				GCC_WARN_UNINITIALIZED_AUTOS = YES_AGGRESSIVE;
				GCC_WARN_UNUSED_FUNCTION = YES;
				GCC_WARN_UNUSED_VARIABLE = YES;
				IPHONEOS_DEPLOYMENT_TARGET = 15.2;
				MTL_ENABLE_DEBUG_INFO = NO;
				MTL_FAST_MATH = YES;
				SDKROOT = iphoneos;
				SWIFT_COMPILATION_MODE = wholemodule;
				SWIFT_OPTIMIZATION_LEVEL = "-O";
				VALIDATE_PRODUCT = YES;
			};
			name = Release;
		};
		7D125BC12AAEBC3600066D3E /* Debug */ = {
			isa = XCBuildConfiguration;
			baseConfigurationReference = 6DDDF93318B08C278AA9D83F /* Pods-Seknova-Practice.debug.xcconfig */;
			buildSettings = {
				ASSETCATALOG_COMPILER_APPICON_NAME = AppIcon;
				ASSETCATALOG_COMPILER_GLOBAL_ACCENT_COLOR_NAME = AccentColor;
				CODE_SIGN_STYLE = Automatic;
				CURRENT_PROJECT_VERSION = 1;
				DEVELOPMENT_TEAM = S8FBP4YLUA;
				GENERATE_INFOPLIST_FILE = YES;
				INFOPLIST_FILE = "Seknova-Practice/Info.plist";
				INFOPLIST_KEY_UIApplicationSupportsIndirectInputEvents = YES;
				INFOPLIST_KEY_UILaunchStoryboardName = LaunchScreen;
				INFOPLIST_KEY_UISupportedInterfaceOrientations_iPad = "UIInterfaceOrientationPortrait UIInterfaceOrientationPortraitUpsideDown UIInterfaceOrientationLandscapeLeft UIInterfaceOrientationLandscapeRight";
				INFOPLIST_KEY_UISupportedInterfaceOrientations_iPhone = "UIInterfaceOrientationPortrait UIInterfaceOrientationLandscapeLeft UIInterfaceOrientationLandscapeRight";
				LD_RUNPATH_SEARCH_PATHS = (
					"$(inherited)",
					"@executable_path/Frameworks",
				);
				MARKETING_VERSION = 1.0;
				PRODUCT_BUNDLE_IDENTIFIER = "com.imac.Seknova-Practice";
				PRODUCT_NAME = "$(TARGET_NAME)";
				SWIFT_EMIT_LOC_STRINGS = YES;
				SWIFT_VERSION = 5.0;
				TARGETED_DEVICE_FAMILY = "1,2";
			};
			name = Debug;
		};
		7D125BC22AAEBC3600066D3E /* Release */ = {
			isa = XCBuildConfiguration;
			baseConfigurationReference = BC9488F9C1A960F95C472859 /* Pods-Seknova-Practice.release.xcconfig */;
			buildSettings = {
				ASSETCATALOG_COMPILER_APPICON_NAME = AppIcon;
				ASSETCATALOG_COMPILER_GLOBAL_ACCENT_COLOR_NAME = AccentColor;
				CODE_SIGN_STYLE = Automatic;
				CURRENT_PROJECT_VERSION = 1;
				DEVELOPMENT_TEAM = S8FBP4YLUA;
				GENERATE_INFOPLIST_FILE = YES;
				INFOPLIST_FILE = "Seknova-Practice/Info.plist";
				INFOPLIST_KEY_UIApplicationSupportsIndirectInputEvents = YES;
				INFOPLIST_KEY_UILaunchStoryboardName = LaunchScreen;
				INFOPLIST_KEY_UISupportedInterfaceOrientations_iPad = "UIInterfaceOrientationPortrait UIInterfaceOrientationPortraitUpsideDown UIInterfaceOrientationLandscapeLeft UIInterfaceOrientationLandscapeRight";
				INFOPLIST_KEY_UISupportedInterfaceOrientations_iPhone = "UIInterfaceOrientationPortrait UIInterfaceOrientationLandscapeLeft UIInterfaceOrientationLandscapeRight";
				LD_RUNPATH_SEARCH_PATHS = (
					"$(inherited)",
					"@executable_path/Frameworks",
				);
				MARKETING_VERSION = 1.0;
				PRODUCT_BUNDLE_IDENTIFIER = "com.imac.Seknova-Practice";
				PRODUCT_NAME = "$(TARGET_NAME)";
				SWIFT_EMIT_LOC_STRINGS = YES;
				SWIFT_VERSION = 5.0;
				TARGETED_DEVICE_FAMILY = "1,2";
			};
			name = Release;
		};
		7D125BC42AAEBC3600066D3E /* Debug */ = {
			isa = XCBuildConfiguration;
			baseConfigurationReference = 0C6F2791A7AEC98BB0613971 /* Pods-Seknova-PracticeTests.debug.xcconfig */;
			buildSettings = {
				ALWAYS_EMBED_SWIFT_STANDARD_LIBRARIES = YES;
				BUNDLE_LOADER = "$(TEST_HOST)";
				CODE_SIGN_STYLE = Automatic;
				CURRENT_PROJECT_VERSION = 1;
				DEVELOPMENT_TEAM = S8FBP4YLUA;
				GENERATE_INFOPLIST_FILE = YES;
				IPHONEOS_DEPLOYMENT_TARGET = 15.2;
				MARKETING_VERSION = 1.0;
				PRODUCT_BUNDLE_IDENTIFIER = "com.imac.Seknova-PracticeTests";
				PRODUCT_NAME = "$(TARGET_NAME)";
				SWIFT_EMIT_LOC_STRINGS = NO;
				SWIFT_VERSION = 5.0;
				TARGETED_DEVICE_FAMILY = "1,2";
				TEST_HOST = "$(BUILT_PRODUCTS_DIR)/Seknova-Practice.app/Seknova-Practice";
			};
			name = Debug;
		};
		7D125BC52AAEBC3600066D3E /* Release */ = {
			isa = XCBuildConfiguration;
			baseConfigurationReference = 3F564670D4C116FC890EFE51 /* Pods-Seknova-PracticeTests.release.xcconfig */;
			buildSettings = {
				ALWAYS_EMBED_SWIFT_STANDARD_LIBRARIES = YES;
				BUNDLE_LOADER = "$(TEST_HOST)";
				CODE_SIGN_STYLE = Automatic;
				CURRENT_PROJECT_VERSION = 1;
				DEVELOPMENT_TEAM = S8FBP4YLUA;
				GENERATE_INFOPLIST_FILE = YES;
				IPHONEOS_DEPLOYMENT_TARGET = 15.2;
				MARKETING_VERSION = 1.0;
				PRODUCT_BUNDLE_IDENTIFIER = "com.imac.Seknova-PracticeTests";
				PRODUCT_NAME = "$(TARGET_NAME)";
				SWIFT_EMIT_LOC_STRINGS = NO;
				SWIFT_VERSION = 5.0;
				TARGETED_DEVICE_FAMILY = "1,2";
				TEST_HOST = "$(BUILT_PRODUCTS_DIR)/Seknova-Practice.app/Seknova-Practice";
			};
			name = Release;
		};
		7D125BC72AAEBC3600066D3E /* Debug */ = {
			isa = XCBuildConfiguration;
			baseConfigurationReference = 7E33D8FF1C187892C9E37938 /* Pods-Seknova-Practice-Seknova-PracticeUITests.debug.xcconfig */;
			buildSettings = {
				ALWAYS_EMBED_SWIFT_STANDARD_LIBRARIES = YES;
				CODE_SIGN_STYLE = Automatic;
				CURRENT_PROJECT_VERSION = 1;
				DEVELOPMENT_TEAM = S8FBP4YLUA;
				GENERATE_INFOPLIST_FILE = YES;
				MARKETING_VERSION = 1.0;
				PRODUCT_BUNDLE_IDENTIFIER = "com.imac.Seknova-PracticeUITests";
				PRODUCT_NAME = "$(TARGET_NAME)";
				SWIFT_EMIT_LOC_STRINGS = NO;
				SWIFT_VERSION = 5.0;
				TARGETED_DEVICE_FAMILY = "1,2";
				TEST_TARGET_NAME = "Seknova-Practice";
			};
			name = Debug;
		};
		7D125BC82AAEBC3600066D3E /* Release */ = {
			isa = XCBuildConfiguration;
			baseConfigurationReference = A0A2010C678FC0431905F57F /* Pods-Seknova-Practice-Seknova-PracticeUITests.release.xcconfig */;
			buildSettings = {
				ALWAYS_EMBED_SWIFT_STANDARD_LIBRARIES = YES;
				CODE_SIGN_STYLE = Automatic;
				CURRENT_PROJECT_VERSION = 1;
				DEVELOPMENT_TEAM = S8FBP4YLUA;
				GENERATE_INFOPLIST_FILE = YES;
				MARKETING_VERSION = 1.0;
				PRODUCT_BUNDLE_IDENTIFIER = "com.imac.Seknova-PracticeUITests";
				PRODUCT_NAME = "$(TARGET_NAME)";
				SWIFT_EMIT_LOC_STRINGS = NO;
				SWIFT_VERSION = 5.0;
				TARGETED_DEVICE_FAMILY = "1,2";
				TEST_TARGET_NAME = "Seknova-Practice";
			};
			name = Release;
		};
/* End XCBuildConfiguration section */

/* Begin XCConfigurationList section */
		7D125B912AAEBC3100066D3E /* Build configuration list for PBXProject "Seknova-Practice" */ = {
			isa = XCConfigurationList;
			buildConfigurations = (
				7D125BBE2AAEBC3600066D3E /* Debug */,
				7D125BBF2AAEBC3600066D3E /* Release */,
			);
			defaultConfigurationIsVisible = 0;
			defaultConfigurationName = Release;
		};
		7D125BC02AAEBC3600066D3E /* Build configuration list for PBXNativeTarget "Seknova-Practice" */ = {
			isa = XCConfigurationList;
			buildConfigurations = (
				7D125BC12AAEBC3600066D3E /* Debug */,
				7D125BC22AAEBC3600066D3E /* Release */,
			);
			defaultConfigurationIsVisible = 0;
			defaultConfigurationName = Release;
		};
		7D125BC32AAEBC3600066D3E /* Build configuration list for PBXNativeTarget "Seknova-PracticeTests" */ = {
			isa = XCConfigurationList;
			buildConfigurations = (
				7D125BC42AAEBC3600066D3E /* Debug */,
				7D125BC52AAEBC3600066D3E /* Release */,
			);
			defaultConfigurationIsVisible = 0;
			defaultConfigurationName = Release;
		};
		7D125BC62AAEBC3600066D3E /* Build configuration list for PBXNativeTarget "Seknova-PracticeUITests" */ = {
			isa = XCConfigurationList;
			buildConfigurations = (
				7D125BC72AAEBC3600066D3E /* Debug */,
				7D125BC82AAEBC3600066D3E /* Release */,
			);
			defaultConfigurationIsVisible = 0;
			defaultConfigurationName = Release;
		};
/* End XCConfigurationList section */
	};
	rootObject = 7D125B8E2AAEBC3100066D3E /* Project object */;
}
